// !$*UTF8*$!
{
	archiveVersion = 1;
	classes = {
	};
	objectVersion = 50;
	objects = {

/* Begin PBXBuildFile section */
		497BCCF324A38B1300450314 /* AppDelegate.swift in Sources */ = {isa = PBXBuildFile; fileRef = 497BCCF224A38B1300450314 /* AppDelegate.swift */; };
		497BCCF524A38B1300450314 /* SceneDelegate.swift in Sources */ = {isa = PBXBuildFile; fileRef = 497BCCF424A38B1300450314 /* SceneDelegate.swift */; };
		497BCCF724A38B1300450314 /* ContentView.swift in Sources */ = {isa = PBXBuildFile; fileRef = 497BCCF624A38B1300450314 /* ContentView.swift */; };
		497BCCF924A38B1800450314 /* Assets.xcassets in Resources */ = {isa = PBXBuildFile; fileRef = 497BCCF824A38B1800450314 /* Assets.xcassets */; };
		497BCCFC24A38B1800450314 /* Preview Assets.xcassets in Resources */ = {isa = PBXBuildFile; fileRef = 497BCCFB24A38B1800450314 /* Preview Assets.xcassets */; };
		497BCCFF24A38B1800450314 /* LaunchScreen.storyboard in Resources */ = {isa = PBXBuildFile; fileRef = 497BCCFD24A38B1800450314 /* LaunchScreen.storyboard */; };
/* End PBXBuildFile section */

/* Begin PBXFileReference section */
		497BCCEF24A38B1300450314 /* 7021final.app */ = {isa = PBXFileReference; explicitFileType = wrapper.application; includeInIndex = 0; path = 7021final.app; sourceTree = BUILT_PRODUCTS_DIR; };
		497BCCF224A38B1300450314 /* AppDelegate.swift */ = {isa = PBXFileReference; lastKnownFileType = sourcecode.swift; path = AppDelegate.swift; sourceTree = "<group>"; };
		497BCCF424A38B1300450314 /* SceneDelegate.swift */ = {isa = PBXFileReference; lastKnownFileType = sourcecode.swift; path = SceneDelegate.swift; sourceTree = "<group>"; };
		497BCCF624A38B1300450314 /* ContentView.swift */ = {isa = PBXFileReference; lastKnownFileType = sourcecode.swift; path = ContentView.swift; sourceTree = "<group>"; };
		497BCCF824A38B1800450314 /* Assets.xcassets */ = {isa = PBXFileReference; lastKnownFileType = folder.assetcatalog; path = Assets.xcassets; sourceTree = "<group>"; };
		497BCCFB24A38B1800450314 /* Preview Assets.xcassets */ = {isa = PBXFileReference; lastKnownFileType = folder.assetcatalog; path = "Preview Assets.xcassets"; sourceTree = "<group>"; };
		497BCCFE24A38B1800450314 /* Base */ = {isa = PBXFileReference; lastKnownFileType = file.storyboard; name = Base; path = Base.lproj/LaunchScreen.storyboard; sourceTree = "<group>"; };
		497BCD0024A38B1800450314 /* Info.plist */ = {isa = PBXFileReference; lastKnownFileType = text.plist.xml; path = Info.plist; sourceTree = "<group>"; };
/* End PBXFileReference section */

/* Begin PBXFrameworksBuildPhase section */
		497BCCEC24A38B1300450314 /* Frameworks */ = {
			isa = PBXFrameworksBuildPhase;
			buildActionMask = 2147483647;
			files = (
			);
			runOnlyForDeploymentPostprocessing = 0;
		};
/* End PBXFrameworksBuildPhase section */

/* Begin PBXGroup section */
		497BCCE624A38B1300450314 = {
			isa = PBXGroup;
			children = (
				497BCCF124A38B1300450314 /* 7021final */,
				497BCCF024A38B1300450314 /* Products */,
			);
			sourceTree = "<group>";
		};
		497BCCF024A38B1300450314 /* Products */ = {
			isa = PBXGroup;
			children = (
				497BCCEF24A38B1300450314 /* 7021final.app */,
			);
			name = Products;
			sourceTree = "<group>";
		};
		497BCCF124A38B1300450314 /* 7021final */ = {
			isa = PBXGroup;
			children = (
				497BCCF224A38B1300450314 /* AppDelegate.swift */,
				497BCCF424A38B1300450314 /* SceneDelegate.swift */,
				497BCCF624A38B1300450314 /* ContentView.swift */,
				497BCCF824A38B1800450314 /* Assets.xcassets */,
				497BCCFD24A38B1800450314 /* LaunchScreen.storyboard */,
				497BCD0024A38B1800450314 /* Info.plist */,
				497BCCFA24A38B1800450314 /* Preview Content */,
			);
			path = 7021final;
			sourceTree = "<group>";
		};
		497BCCFA24A38B1800450314 /* Preview Content */ = {
			isa = PBXGroup;
			children = (
				497BCCFB24A38B1800450314 /* Preview Assets.xcassets */,
			);
			path = "Preview Content";
			sourceTree = "<group>";
		};
/* End PBXGroup section */

/* Begin PBXNativeTarget section */
		497BCCEE24A38B1300450314 /* 7021final */ = {
			isa = PBXNativeTarget;
			buildConfigurationList = 497BCD0324A38B1800450314 /* Build configuration list for PBXNativeTarget "7021final" */;
			buildPhases = (
				497BCCEB24A38B1300450314 /* Sources */,
				497BCCEC24A38B1300450314 /* Frameworks */,
				497BCCED24A38B1300450314 /* Resources */,
			);
			buildRules = (
			);
			dependencies = (
			);
			name = 7021final;
			productName = 7021final;
			productReference = 497BCCEF24A38B1300450314 /* 7021final.app */;
			productType = "com.apple.product-type.application";
		};
/* End PBXNativeTarget section */

/* Begin PBXProject section */
		497BCCE724A38B1300450314 /* Project object */ = {
			isa = PBXProject;
			attributes = {
				LastSwiftUpdateCheck = 1110;
				LastUpgradeCheck = 1110;
				ORGANIZATIONNAME = ntou;
				TargetAttributes = {
					497BCCEE24A38B1300450314 = {
						CreatedOnToolsVersion = 11.1;
					};
				};
			};
			buildConfigurationList = 497BCCEA24A38B1300450314 /* Build configuration list for PBXProject "7021final" */;
			compatibilityVersion = "Xcode 9.3";
			developmentRegion = en;
			hasScannedForEncodings = 0;
			knownRegions = (
				en,
				Base,
			);
			mainGroup = 497BCCE624A38B1300450314;
			productRefGroup = 497BCCF024A38B1300450314 /* Products */;
			projectDirPath = "";
			projectRoot = "";
			targets = (
				497BCCEE24A38B1300450314 /* 7021final */,
			);
		};
/* End PBXProject section */

/* Begin PBXResourcesBuildPhase section */
		497BCCED24A38B1300450314 /* Resources */ = {
			isa = PBXResourcesBuildPhase;
			buildActionMask = 2147483647;
			files = (
				497BCCFF24A38B1800450314 /* LaunchScreen.storyboard in Resources */,
				497BCCFC24A38B1800450314 /* Preview Assets.xcassets in Resources */,
				497BCCF924A38B1800450314 /* Assets.xcassets in Resources */,
			);
			runOnlyForDeploymentPostprocessing = 0;
		};
/* End PBXResourcesBuildPhase section */

/* Begin PBXSourcesBuildPhase section */
		497BCCEB24A38B1300450314 /* Sources */ = {
			isa = PBXSourcesBuildPhase;
			buildActionMask = 2147483647;
			files = (
				497BCCF324A38B1300450314 /* AppDelegate.swift in Sources */,
				497BCCF524A38B1300450314 /* SceneDelegate.swift in Sources */,
				497BCCF724A38B1300450314 /* ContentView.swift in Sources */,
			);
			runOnlyForDeploymentPostprocessing = 0;
		};
/* End PBXSourcesBuildPhase section */

/* Begin PBXVariantGroup section */
		497BCCFD24A38B1800450314 /* LaunchScreen.storyboard */ = {
			isa = PBXVariantGroup;
			children = (
				497BCCFE24A38B1800450314 /* Base */,
			);
			name = LaunchScreen.storyboard;
			sourceTree = "<group>";
		};
/* End PBXVariantGroup section */

/* Begin XCBuildConfiguration section */
		497BCD0124A38B1800450314 /* Debug */ = {
			isa = XCBuildConfiguration;
			buildSettings = {
				ALWAYS_SEARCH_USER_PATHS = NO;
				CLANG_ANALYZER_NONNULL = YES;
				CLANG_ANALYZER_NUMBER_OBJECT_CONVERSION = YES_AGGRESSIVE;
				CLANG_CXX_LANGUAGE_STANDARD = "gnu++14";
				CLANG_CXX_LIBRARY = "libc++";
				CLANG_ENABLE_MODULES = YES;
				CLANG_ENABLE_OBJC_ARC = YES;
				CLANG_ENABLE_OBJC_WEAK = YES;
				CLANG_WARN_BLOCK_CAPTURE_AUTORELEASING = YES;
				CLANG_WARN_BOOL_CONVERSION = YES;
				CLANG_WARN_COMMA = YES;
				CLANG_WARN_CONSTANT_CONVERSION = YES;
				CLANG_WARN_DEPRECATED_OBJC_IMPLEMENTATIONS = YES;
				CLANG_WARN_DIRECT_OBJC_ISA_USAGE = YES_ERROR;
				CLANG_WARN_DOCUMENTATION_COMMENTS = YES;
				CLANG_WARN_EMPTY_BODY = YES;
				CLANG_WARN_ENUM_CONVERSION = YES;
				CLANG_WARN_INFINITE_RECURSION = YES;
				CLANG_WARN_INT_CONVERSION = YES;
				CLANG_WARN_NON_LITERAL_NULL_CONVERSION = YES;
				CLANG_WARN_OBJC_IMPLICIT_RETAIN_SELF = YES;
				CLANG_WARN_OBJC_LITERAL_CONVERSION = YES;
				CLANG_WARN_OBJC_ROOT_CLASS = YES_ERROR;
				CLANG_WARN_RANGE_LOOP_ANALYSIS = YES;
				CLANG_WARN_STRICT_PROTOTYPES = YES;
				CLANG_WARN_SUSPICIOUS_MOVE = YES;
				CLANG_WARN_UNGUARDED_AVAILABILITY = YES_AGGRESSIVE;
				CLANG_WARN_UNREACHABLE_CODE = YES;
				CLANG_WARN__DUPLICATE_METHOD_MATCH = YES;
				COPY_PHASE_STRIP = NO;
				DEBUG_INFORMATION_FORMAT = dwarf;
				ENABLE_STRICT_OBJC_MSGSEND = YES;
				ENABLE_TESTABILITY = YES;
				GCC_C_LANGUAGE_STANDARD = gnu11;
				GCC_DYNAMIC_NO_PIC = NO;
				GCC_NO_COMMON_BLOCKS = YES;
				GCC_OPTIMIZATION_LEVEL = 0;
				GCC_PREPROCESSOR_DEFINITIONS = (
					"DEBUG=1",
					"$(inherited)",
				);
				GCC_WARN_64_TO_32_BIT_CONVERSION = YES;
				GCC_WARN_ABOUT_RETURN_TYPE = YES_ERROR;
				GCC_WARN_UNDECLARED_SELECTOR = YES;
				GCC_WARN_UNINITIALIZED_AUTOS = YES_AGGRESSIVE;
				GCC_WARN_UNUSED_FUNCTION = YES;
				GCC_WARN_UNUSED_VARIABLE = YES;
				IPHONEOS_DEPLOYMENT_TARGET = 13.1;
				MTL_ENABLE_DEBUG_INFO = INCLUDE_SOURCE;
				MTL_FAST_MATH = YES;
				ONLY_ACTIVE_ARCH = YES;
				SDKROOT = iphoneos;
				SWIFT_ACTIVE_COMPILATION_CONDITIONS = DEBUG;
				SWIFT_OPTIMIZATION_LEVEL = "-Onone";
			};
			name = Debug;
		};
		497BCD0224A38B1800450314 /* Release */ = {
			isa = XCBuildConfiguration;
			buildSettings = {
				ALWAYS_SEARCH_USER_PATHS = NO;
				CLANG_ANALYZER_NONNULL = YES;
				CLANG_ANALYZER_NUMBER_OBJECT_CONVERSION = YES_AGGRESSIVE;
				CLANG_CXX_LANGUAGE_STANDARD = "gnu++14";
				CLANG_CXX_LIBRARY = "libc++";
				CLANG_ENABLE_MODULES = YES;
				CLANG_ENABLE_OBJC_ARC = YES;
				CLANG_ENABLE_OBJC_WEAK = YES;
				CLANG_WARN_BLOCK_CAPTURE_AUTORELEASING = YES;
				CLANG_WARN_BOOL_CONVERSION = YES;
				CLANG_WARN_COMMA = YES;
				CLANG_WARN_CONSTANT_CONVERSION = YES;
				CLANG_WARN_DEPRECATED_OBJC_IMPLEMENTATIONS = YES;
				CLANG_WARN_DIRECT_OBJC_ISA_USAGE = YES_ERROR;
				CLANG_WARN_DOCUMENTATION_COMMENTS = YES;
				CLANG_WARN_EMPTY_BODY = YES;
				CLANG_WARN_ENUM_CONVERSION = YES;
				CLANG_WARN_INFINITE_RECURSION = YES;
				CLANG_WARN_INT_CONVERSION = YES;
				CLANG_WARN_NON_LITERAL_NULL_CONVERSION = YES;
				CLANG_WARN_OBJC_IMPLICIT_RETAIN_SELF = YES;
				CLANG_WARN_OBJC_LITERAL_CONVERSION = YES;
				CLANG_WARN_OBJC_ROOT_CLASS = YES_ERROR;
				CLANG_WARN_RANGE_LOOP_ANALYSIS = YES;
				CLANG_WARN_STRICT_PROTOTYPES = YES;
				CLANG_WARN_SUSPICIOUS_MOVE = YES;
				CLANG_WARN_UNGUARDED_AVAILABILITY = YES_AGGRESSIVE;
				CLANG_WARN_UNREACHABLE_CODE = YES;
				CLANG_WARN__DUPLICATE_METHOD_MATCH = YES;
				COPY_PHASE_STRIP = NO;
				DEBUG_INFORMATION_FORMAT = "dwarf-with-dsym";
				ENABLE_NS_ASSERTIONS = NO;
				ENABLE_STRICT_OBJC_MSGSEND = YES;
				GCC_C_LANGUAGE_STANDARD = gnu11;
				GCC_NO_COMMON_BLOCKS = YES;
				GCC_WARN_64_TO_32_BIT_CONVERSION = YES;
				GCC_WARN_ABOUT_RETURN_TYPE = YES_ERROR;
				GCC_WARN_UNDECLARED_SELECTOR = YES;
				GCC_WARN_UNINITIALIZED_AUTOS = YES_AGGRESSIVE;
				GCC_WARN_UNUSED_FUNCTION = YES;
				GCC_WARN_UNUSED_VARIABLE = YES;
				IPHONEOS_DEPLOYMENT_TARGET = 13.1;
				MTL_ENABLE_DEBUG_INFO = NO;
				MTL_FAST_MATH = YES;
				SDKROOT = iphoneos;
				SWIFT_COMPILATION_MODE = wholemodule;
				SWIFT_OPTIMIZATION_LEVEL = "-O";
				VALIDATE_PRODUCT = YES;
			};
			name = Release;
		};
		497BCD0424A38B1800450314 /* Debug */ = {
			isa = XCBuildConfiguration;
			buildSettings = {
				ASSETCATALOG_COMPILER_APPICON_NAME = AppIcon;
				CODE_SIGN_STYLE = Automatic;
				DEVELOPMENT_ASSET_PATHS = "\"7021final/Preview Content\"";
				ENABLE_PREVIEWS = YES;
				INFOPLIST_FILE = 7021final/Info.plist;
				LD_RUNPATH_SEARCH_PATHS = (
					"$(inherited)",
					"@executable_path/Frameworks",
				);
				PRODUCT_BUNDLE_IDENTIFIER = "-0557021.-021final";
				PRODUCT_NAME = "$(TARGET_NAME)";
				SWIFT_VERSION = 5.0;
				TARGETED_DEVICE_FAMILY = "1,2";
			};
			name = Debug;
		};
		497BCD0524A38B1800450314 /* Release */ = {
			isa = XCBuildConfiguration;
			buildSettings = {
				ASSETCATALOG_COMPILER_APPICON_NAME = AppIcon;
				CODE_SIGN_STYLE = Automatic;
				DEVELOPMENT_ASSET_PATHS = "\"7021final/Preview Content\"";
				ENABLE_PREVIEWS = YES;
				INFOPLIST_FILE = 7021final/Info.plist;
				LD_RUNPATH_SEARCH_PATHS = (
					"$(inherited)",
					"@executable_path/Frameworks",
				);
				PRODUCT_BUNDLE_IDENTIFIER = "-0557021.-021final";
				PRODUCT_NAME = "$(TARGET_NAME)";
				SWIFT_VERSION = 5.0;
				TARGETED_DEVICE_FAMILY = "1,2";
			};
			name = Release;
		};
/* End XCBuildConfiguration section */

/* Begin XCConfigurationList section */
		497BCCEA24A38B1300450314 /* Build configuration list for PBXProject "7021final" */ = {
			isa = XCConfigurationList;
			buildConfigurations = (
				497BCD0124A38B1800450314 /* Debug */,
				497BCD0224A38B1800450314 /* Release */,
			);
			defaultConfigurationIsVisible = 0;
			defaultConfigurationName = Release;
		};
		497BCD0324A38B1800450314 /* Build configuration list for PBXNativeTarget "7021final" */ = {
			isa = XCConfigurationList;
			buildConfigurations = (
				497BCD0424A38B1800450314 /* Debug */,
				497BCD0524A38B1800450314 /* Release */,
			);
			defaultConfigurationIsVisible = 0;
			defaultConfigurationName = Release;
		};
/* End XCConfigurationList section */
	};
	rootObject = 497BCCE724A38B1300450314 /* Project object */;
}
